// !$*UTF8*$!
{
	archiveVersion = 1;
	classes = {
	};
	objectVersion = 50;
	objects = {

/* Begin PBXBuildFile section */
		290D8CE62574B410009A81CE /* AppDelegate.swift in Sources */ = {isa = PBXBuildFile; fileRef = 290D8CE52574B410009A81CE /* AppDelegate.swift */; };
		290D8CE82574B410009A81CE /* SceneDelegate.swift in Sources */ = {isa = PBXBuildFile; fileRef = 290D8CE72574B410009A81CE /* SceneDelegate.swift */; };
		290D8CEA2574B410009A81CE /* ViewController.swift in Sources */ = {isa = PBXBuildFile; fileRef = 290D8CE92574B410009A81CE /* ViewController.swift */; };
		290D8CED2574B410009A81CE /* Main.storyboard in Resources */ = {isa = PBXBuildFile; fileRef = 290D8CEB2574B410009A81CE /* Main.storyboard */; };
		290D8CEF2574B415009A81CE /* Assets.xcassets in Resources */ = {isa = PBXBuildFile; fileRef = 290D8CEE2574B415009A81CE /* Assets.xcassets */; };
		290D8CF22574B415009A81CE /* LaunchScreen.storyboard in Resources */ = {isa = PBXBuildFile; fileRef = 290D8CF02574B415009A81CE /* LaunchScreen.storyboard */; };
		290D8CFB2574BB92009A81CE /* ListViewController.swift in Sources */ = {isa = PBXBuildFile; fileRef = 290D8CFA2574BB92009A81CE /* ListViewController.swift */; };
		290D8CFE2574BD0A009A81CE /* ListLocation.swift in Sources */ = {isa = PBXBuildFile; fileRef = 290D8CFD2574BD0A009A81CE /* ListLocation.swift */; };
		290D8D012574F4C7009A81CE /* MapKitViewController.swift in Sources */ = {isa = PBXBuildFile; fileRef = 290D8D002574F4C7009A81CE /* MapKitViewController.swift */; };
/* End PBXBuildFile section */

/* Begin PBXFileReference section */
		290D8CE22574B410009A81CE /* Kanto.app */ = {isa = PBXFileReference; explicitFileType = wrapper.application; includeInIndex = 0; path = Kanto.app; sourceTree = BUILT_PRODUCTS_DIR; };
		290D8CE52574B410009A81CE /* AppDelegate.swift */ = {isa = PBXFileReference; lastKnownFileType = sourcecode.swift; path = AppDelegate.swift; sourceTree = "<group>"; };
		290D8CE72574B410009A81CE /* SceneDelegate.swift */ = {isa = PBXFileReference; lastKnownFileType = sourcecode.swift; path = SceneDelegate.swift; sourceTree = "<group>"; };
		290D8CE92574B410009A81CE /* ViewController.swift */ = {isa = PBXFileReference; lastKnownFileType = sourcecode.swift; path = ViewController.swift; sourceTree = "<group>"; };
		290D8CEC2574B410009A81CE /* Base */ = {isa = PBXFileReference; lastKnownFileType = file.storyboard; name = Base; path = Base.lproj/Main.storyboard; sourceTree = "<group>"; };
		290D8CEE2574B415009A81CE /* Assets.xcassets */ = {isa = PBXFileReference; lastKnownFileType = folder.assetcatalog; path = Assets.xcassets; sourceTree = "<group>"; };
		290D8CF12574B415009A81CE /* Base */ = {isa = PBXFileReference; lastKnownFileType = file.storyboard; name = Base; path = Base.lproj/LaunchScreen.storyboard; sourceTree = "<group>"; };
		290D8CF32574B415009A81CE /* Info.plist */ = {isa = PBXFileReference; lastKnownFileType = text.plist.xml; path = Info.plist; sourceTree = "<group>"; };
		290D8CFA2574BB92009A81CE /* ListViewController.swift */ = {isa = PBXFileReference; lastKnownFileType = sourcecode.swift; path = ListViewController.swift; sourceTree = "<group>"; };
		290D8CFD2574BD0A009A81CE /* ListLocation.swift */ = {isa = PBXFileReference; lastKnownFileType = sourcecode.swift; path = ListLocation.swift; sourceTree = "<group>"; };
		290D8D002574F4C7009A81CE /* MapKitViewController.swift */ = {isa = PBXFileReference; lastKnownFileType = sourcecode.swift; path = MapKitViewController.swift; sourceTree = "<group>"; };
/* End PBXFileReference section */

/* Begin PBXFrameworksBuildPhase section */
		290D8CDF2574B410009A81CE /* Frameworks */ = {
			isa = PBXFrameworksBuildPhase;
			buildActionMask = 2147483647;
			files = (
			);
			runOnlyForDeploymentPostprocessing = 0;
		};
/* End PBXFrameworksBuildPhase section */

/* Begin PBXGroup section */
		290D8CD92574B410009A81CE = {
			isa = PBXGroup;
			children = (
				290D8CE42574B410009A81CE /* Kanto */,
				290D8CE32574B410009A81CE /* Products */,
			);
			sourceTree = "<group>";
		};
		290D8CE32574B410009A81CE /* Products */ = {
			isa = PBXGroup;
			children = (
				290D8CE22574B410009A81CE /* Kanto.app */,
			);
			name = Products;
			sourceTree = "<group>";
		};
		290D8CE42574B410009A81CE /* Kanto */ = {
			isa = PBXGroup;
			children = (
				290D8CE52574B410009A81CE /* AppDelegate.swift */,
				290D8CE72574B410009A81CE /* SceneDelegate.swift */,
				290D8CE92574B410009A81CE /* ViewController.swift */,
				290D8CEB2574B410009A81CE /* Main.storyboard */,
				290D8CEE2574B415009A81CE /* Assets.xcassets */,
				290D8CF02574B415009A81CE /* LaunchScreen.storyboard */,
				290D8CF32574B415009A81CE /* Info.plist */,
				290D8CFA2574BB92009A81CE /* ListViewController.swift */,
				290D8CFD2574BD0A009A81CE /* ListLocation.swift */,
				290D8D002574F4C7009A81CE /* MapKitViewController.swift */,
			);
			path = Kanto;
			sourceTree = "<group>";
		};
/* End PBXGroup section */

/* Begin PBXNativeTarget section */
		290D8CE12574B410009A81CE /* Kanto */ = {
			isa = PBXNativeTarget;
			buildConfigurationList = 290D8CF62574B415009A81CE /* Build configuration list for PBXNativeTarget "Kanto" */;
			buildPhases = (
				290D8CDE2574B410009A81CE /* Sources */,
				290D8CDF2574B410009A81CE /* Frameworks */,
				290D8CE02574B410009A81CE /* Resources */,
			);
			buildRules = (
			);
			dependencies = (
			);
			name = Kanto;
			productName = Kanto;
			productReference = 290D8CE22574B410009A81CE /* Kanto.app */;
			productType = "com.apple.product-type.application";
		};
/* End PBXNativeTarget section */

/* Begin PBXProject section */
		290D8CDA2574B410009A81CE /* Project object */ = {
			isa = PBXProject;
			attributes = {
				LastSwiftUpdateCheck = 1220;
				LastUpgradeCheck = 1220;
				TargetAttributes = {
					290D8CE12574B410009A81CE = {
						CreatedOnToolsVersion = 12.2;
					};
				};
			};
			buildConfigurationList = 290D8CDD2574B410009A81CE /* Build configuration list for PBXProject "Kanto" */;
			compatibilityVersion = "Xcode 9.3";
			developmentRegion = en;
			hasScannedForEncodings = 0;
			knownRegions = (
				en,
				Base,
			);
			mainGroup = 290D8CD92574B410009A81CE;
			productRefGroup = 290D8CE32574B410009A81CE /* Products */;
			projectDirPath = "";
			projectRoot = "";
			targets = (
				290D8CE12574B410009A81CE /* Kanto */,
			);
		};
/* End PBXProject section */

/* Begin PBXResourcesBuildPhase section */
		290D8CE02574B410009A81CE /* Resources */ = {
			isa = PBXResourcesBuildPhase;
			buildActionMask = 2147483647;
			files = (
				290D8CF22574B415009A81CE /* LaunchScreen.storyboard in Resources */,
				290D8CEF2574B415009A81CE /* Assets.xcassets in Resources */,
				290D8CED2574B410009A81CE /* Main.storyboard in Resources */,
			);
			runOnlyForDeploymentPostprocessing = 0;
		};
/* End PBXResourcesBuildPhase section */

/* Begin PBXSourcesBuildPhase section */
		290D8CDE2574B410009A81CE /* Sources */ = {
			isa = PBXSourcesBuildPhase;
			buildActionMask = 2147483647;
			files = (
				290D8D012574F4C7009A81CE /* MapKitViewController.swift in Sources */,
				290D8CFE2574BD0A009A81CE /* ListLocation.swift in Sources */,
				290D8CEA2574B410009A81CE /* ViewController.swift in Sources */,
				290D8CE62574B410009A81CE /* AppDelegate.swift in Sources */,
				290D8CFB2574BB92009A81CE /* ListViewController.swift in Sources */,
				290D8CE82574B410009A81CE /* SceneDelegate.swift in Sources */,
			);
			runOnlyForDeploymentPostprocessing = 0;
		};
/* End PBXSourcesBuildPhase section */

/* Begin PBXVariantGroup section */
		290D8CEB2574B410009A81CE /* Main.storyboard */ = {
			isa = PBXVariantGroup;
			children = (
				290D8CEC2574B410009A81CE /* Base */,
			);
			name = Main.storyboard;
			sourceTree = "<group>";
		};
		290D8CF02574B415009A81CE /* LaunchScreen.storyboard */ = {
			isa = PBXVariantGroup;
			children = (
				290D8CF12574B415009A81CE /* Base */,
			);
			name = LaunchScreen.storyboard;
			sourceTree = "<group>";
		};
/* End PBXVariantGroup section */

/* Begin XCBuildConfiguration section */
		290D8CF42574B415009A81CE /* Debug */ = {
			isa = XCBuildConfiguration;
			buildSettings = {
				ALWAYS_SEARCH_USER_PATHS = NO;
				CLANG_ANALYZER_NONNULL = YES;
				CLANG_ANALYZER_NUMBER_OBJECT_CONVERSION = YES_AGGRESSIVE;
				CLANG_CXX_LANGUAGE_STANDARD = "gnu++14";
				CLANG_CXX_LIBRARY = "libc++";
				CLANG_ENABLE_MODULES = YES;
				CLANG_ENABLE_OBJC_ARC = YES;
				CLANG_ENABLE_OBJC_WEAK = YES;
				CLANG_WARN_BLOCK_CAPTURE_AUTORELEASING = YES;
				CLANG_WARN_BOOL_CONVERSION = YES;
				CLANG_WARN_COMMA = YES;
				CLANG_WARN_CONSTANT_CONVERSION = YES;
				CLANG_WARN_DEPRECATED_OBJC_IMPLEMENTATIONS = YES;
				CLANG_WARN_DIRECT_OBJC_ISA_USAGE = YES_ERROR;
				CLANG_WARN_DOCUMENTATION_COMMENTS = YES;
				CLANG_WARN_EMPTY_BODY = YES;
				CLANG_WARN_ENUM_CONVERSION = YES;
				CLANG_WARN_INFINITE_RECURSION = YES;
				CLANG_WARN_INT_CONVERSION = YES;
				CLANG_WARN_NON_LITERAL_NULL_CONVERSION = YES;
				CLANG_WARN_OBJC_IMPLICIT_RETAIN_SELF = YES;
				CLANG_WARN_OBJC_LITERAL_CONVERSION = YES;
				CLANG_WARN_OBJC_ROOT_CLASS = YES_ERROR;
				CLANG_WARN_QUOTED_INCLUDE_IN_FRAMEWORK_HEADER = YES;
				CLANG_WARN_RANGE_LOOP_ANALYSIS = YES;
				CLANG_WARN_STRICT_PROTOTYPES = YES;
				CLANG_WARN_SUSPICIOUS_MOVE = YES;
				CLANG_WARN_UNGUARDED_AVAILABILITY = YES_AGGRESSIVE;
				CLANG_WARN_UNREACHABLE_CODE = YES;
				CLANG_WARN__DUPLICATE_METHOD_MATCH = YES;
				COPY_PHASE_STRIP = NO;
				DEBUG_INFORMATION_FORMAT = dwarf;
				ENABLE_STRICT_OBJC_MSGSEND = YES;
				ENABLE_TESTABILITY = YES;
				GCC_C_LANGUAGE_STANDARD = gnu11;
				GCC_DYNAMIC_NO_PIC = NO;
				GCC_NO_COMMON_BLOCKS = YES;
				GCC_OPTIMIZATION_LEVEL = 0;
				GCC_PREPROCESSOR_DEFINITIONS = (
					"DEBUG=1",
					"$(inherited)",
				);
				GCC_WARN_64_TO_32_BIT_CONVERSION = YES;
				GCC_WARN_ABOUT_RETURN_TYPE = YES_ERROR;
				GCC_WARN_UNDECLARED_SELECTOR = YES;
				GCC_WARN_UNINITIALIZED_AUTOS = YES_AGGRESSIVE;
				GCC_WARN_UNUSED_FUNCTION = YES;
				GCC_WARN_UNUSED_VARIABLE = YES;
				IPHONEOS_DEPLOYMENT_TARGET = 14.2;
				MTL_ENABLE_DEBUG_INFO = INCLUDE_SOURCE;
				MTL_FAST_MATH = YES;
				ONLY_ACTIVE_ARCH = YES;
				SDKROOT = iphoneos;
				SWIFT_ACTIVE_COMPILATION_CONDITIONS = DEBUG;
				SWIFT_OPTIMIZATION_LEVEL = "-Onone";
			};
			name = Debug;
		};
		290D8CF52574B415009A81CE /* Release */ = {
			isa = XCBuildConfiguration;
			buildSettings = {
				ALWAYS_SEARCH_USER_PATHS = NO;
				CLANG_ANALYZER_NONNULL = YES;
				CLANG_ANALYZER_NUMBER_OBJECT_CONVERSION = YES_AGGRESSIVE;
				CLANG_CXX_LANGUAGE_STANDARD = "gnu++14";
				CLANG_CXX_LIBRARY = "libc++";
				CLANG_ENABLE_MODULES = YES;
				CLANG_ENABLE_OBJC_ARC = YES;
				CLANG_ENABLE_OBJC_WEAK = YES;
				CLANG_WARN_BLOCK_CAPTURE_AUTORELEASING = YES;
				CLANG_WARN_BOOL_CONVERSION = YES;
				CLANG_WARN_COMMA = YES;
				CLANG_WARN_CONSTANT_CONVERSION = YES;
				CLANG_WARN_DEPRECATED_OBJC_IMPLEMENTATIONS = YES;
				CLANG_WARN_DIRECT_OBJC_ISA_USAGE = YES_ERROR;
				CLANG_WARN_DOCUMENTATION_COMMENTS = YES;
				CLANG_WARN_EMPTY_BODY = YES;
				CLANG_WARN_ENUM_CONVERSION = YES;
				CLANG_WARN_INFINITE_RECURSION = YES;
				CLANG_WARN_INT_CONVERSION = YES;
				CLANG_WARN_NON_LITERAL_NULL_CONVERSION = YES;
				CLANG_WARN_OBJC_IMPLICIT_RETAIN_SELF = YES;
				CLANG_WARN_OBJC_LITERAL_CONVERSION = YES;
				CLANG_WARN_OBJC_ROOT_CLASS = YES_ERROR;
				CLANG_WARN_QUOTED_INCLUDE_IN_FRAMEWORK_HEADER = YES;
				CLANG_WARN_RANGE_LOOP_ANALYSIS = YES;
				CLANG_WARN_STRICT_PROTOTYPES = YES;
				CLANG_WARN_SUSPICIOUS_MOVE = YES;
				CLANG_WARN_UNGUARDED_AVAILABILITY = YES_AGGRESSIVE;
				CLANG_WARN_UNREACHABLE_CODE = YES;
				CLANG_WARN__DUPLICATE_METHOD_MATCH = YES;
				COPY_PHASE_STRIP = NO;
				DEBUG_INFORMATION_FORMAT = "dwarf-with-dsym";
				ENABLE_NS_ASSERTIONS = NO;
				ENABLE_STRICT_OBJC_MSGSEND = YES;
				GCC_C_LANGUAGE_STANDARD = gnu11;
				GCC_NO_COMMON_BLOCKS = YES;
				GCC_WARN_64_TO_32_BIT_CONVERSION = YES;
				GCC_WARN_ABOUT_RETURN_TYPE = YES_ERROR;
				GCC_WARN_UNDECLARED_SELECTOR = YES;
				GCC_WARN_UNINITIALIZED_AUTOS = YES_AGGRESSIVE;
				GCC_WARN_UNUSED_FUNCTION = YES;
				GCC_WARN_UNUSED_VARIABLE = YES;
				IPHONEOS_DEPLOYMENT_TARGET = 14.2;
				MTL_ENABLE_DEBUG_INFO = NO;
				MTL_FAST_MATH = YES;
				SDKROOT = iphoneos;
				SWIFT_COMPILATION_MODE = wholemodule;
				SWIFT_OPTIMIZATION_LEVEL = "-O";
				VALIDATE_PRODUCT = YES;
			};
			name = Release;
		};
		290D8CF72574B415009A81CE /* Debug */ = {
			isa = XCBuildConfiguration;
			buildSettings = {
				ASSETCATALOG_COMPILER_APPICON_NAME = AppIcon;
				ASSETCATALOG_COMPILER_GLOBAL_ACCENT_COLOR_NAME = AccentColor;
				CODE_SIGN_STYLE = Automatic;
				DEVELOPMENT_TEAM = 7SNPDG93FF;
				INFOPLIST_FILE = Kanto/Info.plist;
				LD_RUNPATH_SEARCH_PATHS = (
					"$(inherited)",
					"@executable_path/Frameworks",
				);
				PRODUCT_BUNDLE_IDENTIFIER = widraugr.Kanto;
				PRODUCT_NAME = "$(TARGET_NAME)";
				SWIFT_VERSION = 5.0;
				TARGETED_DEVICE_FAMILY = "1,2";
			};
			name = Debug;
		};
		290D8CF82574B415009A81CE /* Release */ = {
			isa = XCBuildConfiguration;
			buildSettings = {
				ASSETCATALOG_COMPILER_APPICON_NAME = AppIcon;
				ASSETCATALOG_COMPILER_GLOBAL_ACCENT_COLOR_NAME = AccentColor;
				CODE_SIGN_STYLE = Automatic;
				DEVELOPMENT_TEAM = 7SNPDG93FF;
				INFOPLIST_FILE = Kanto/Info.plist;
				LD_RUNPATH_SEARCH_PATHS = (
					"$(inherited)",
					"@executable_path/Frameworks",
				);
				PRODUCT_BUNDLE_IDENTIFIER = widraugr.Kanto;
				PRODUCT_NAME = "$(TARGET_NAME)";
				SWIFT_VERSION = 5.0;
				TARGETED_DEVICE_FAMILY = "1,2";
			};
			name = Release;
		};
/* End XCBuildConfiguration section */

/* Begin XCConfigurationList section */
		290D8CDD2574B410009A81CE /* Build configuration list for PBXProject "Kanto" */ = {
			isa = XCConfigurationList;
			buildConfigurations = (
				290D8CF42574B415009A81CE /* Debug */,
				290D8CF52574B415009A81CE /* Release */,
			);
			defaultConfigurationIsVisible = 0;
			defaultConfigurationName = Release;
		};
		290D8CF62574B415009A81CE /* Build configuration list for PBXNativeTarget "Kanto" */ = {
			isa = XCConfigurationList;
			buildConfigurations = (
				290D8CF72574B415009A81CE /* Debug */,
				290D8CF82574B415009A81CE /* Release */,
			);
			defaultConfigurationIsVisible = 0;
			defaultConfigurationName = Release;
		};
/* End XCConfigurationList section */
	};
	rootObject = 290D8CDA2574B410009A81CE /* Project object */;
}
